
Microsoft Visual Studio Solution File, Format Version 12.00
# Visual Studio Version 17
VisualStudioVersion = 17.4.33213.308
MinimumVisualStudioVersion = 10.0.40219.1
Project("{FAE04EC0-301F-11D3-BF4B-00C04F79EFBC}") = "SP2023-Assignment3-apayne", "SP2023-Assignment3-apayne\SP2023-Assignment3-apayne.csproj", "{6139E3EC-F7E0-46CC-A9CB-D132DDCA4A52}"
EndProject
Global
	GlobalSection(SolutionConfigurationPlatforms) = preSolution
		Debug|Any CPU = Debug|Any CPU
		Release|Any CPU = Release|Any CPU
	EndGlobalSection
	GlobalSection(ProjectConfigurationPlatforms) = postSolution
		{6139E3EC-F7E0-46CC-A9CB-D132DDCA4A52}.Debug|Any CPU.ActiveCfg = Debug|Any CPU
		{6139E3EC-F7E0-46CC-A9CB-D132DDCA4A52}.Debug|Any CPU.Build.0 = Debug|Any CPU
		{6139E3EC-F7E0-46CC-A9CB-D132DDCA4A52}.Release|Any CPU.ActiveCfg = Release|Any CPU
		{6139E3EC-F7E0-46CC-A9CB-D132DDCA4A52}.Release|Any CPU.Build.0 = Release|Any CPU
	EndGlobalSection
	GlobalSection(SolutionProperties) = preSolution
		HideSolutionNode = FALSE
	EndGlobalSection
	GlobalSection(ExtensibilityGlobals) = postSolution
		SolutionGuid = {84C0F2DE-083C-46E2-B754-3FBD4D4E7B24}
	EndGlobalSection
EndGlobal
